
Microsoft Visual Studio Solution File, Format Version 10.00
# Visual Studio 2008
Project("{FAE04EC0-301F-11D3-BF4B-00C04F79EFBC}") = "ProyectoRemis", "ProyectoRemis\ProyectoRemis.csproj", "{795A030D-305F-4797-A2AA-CA26A31E7470}"
EndProject
Global
	GlobalSection(SolutionConfigurationPlatforms) = preSolution
		Debug|Any CPU = Debug|Any CPU
		Release|Any CPU = Release|Any CPU
	EndGlobalSection
	GlobalSection(ProjectConfigurationPlatforms) = postSolution
		{795A030D-305F-4797-A2AA-CA26A31E7470}.Debug|Any CPU.ActiveCfg = Debug|Any CPU
		{795A030D-305F-4797-A2AA-CA26A31E7470}.Debug|Any CPU.Build.0 = Debug|Any CPU
		{795A030D-305F-4797-A2AA-CA26A31E7470}.Release|Any CPU.ActiveCfg = Release|Any CPU
		{795A030D-305F-4797-A2AA-CA26A31E7470}.Release|Any CPU.Build.0 = Release|Any CPU
	EndGlobalSection
	GlobalSection(SolutionProperties) = preSolution
		HideSolutionNode = FALSE
	EndGlobalSection
EndGlobal
